
Microsoft Visual Studio Solution File, Format Version 12.00
# Visual Studio Version 17
VisualStudioVersion = 17.11.35219.272
MinimumVisualStudioVersion = 10.0.40219.1
Project("{FAE04EC0-301F-11D3-BF4B-00C04F79EFBC}") = "Strategy pattern", "Strategy pattern.csproj", "{5DFF7724-62C5-47FB-8CC6-618DE1E0A254}"
EndProject
Global
	GlobalSection(SolutionConfigurationPlatforms) = preSolution
		Debug|Any CPU = Debug|Any CPU
		Release|Any CPU = Release|Any CPU
	EndGlobalSection
	GlobalSection(ProjectConfigurationPlatforms) = postSolution
		{5DFF7724-62C5-47FB-8CC6-618DE1E0A254}.Debug|Any CPU.ActiveCfg = Debug|Any CPU
		{5DFF7724-62C5-47FB-8CC6-618DE1E0A254}.Debug|Any CPU.Build.0 = Debug|Any CPU
		{5DFF7724-62C5-47FB-8CC6-618DE1E0A254}.Release|Any CPU.ActiveCfg = Release|Any CPU
		{5DFF7724-62C5-47FB-8CC6-618DE1E0A254}.Release|Any CPU.Build.0 = Release|Any CPU
	EndGlobalSection
	GlobalSection(SolutionProperties) = preSolution
		HideSolutionNode = FALSE
	EndGlobalSection
	GlobalSection(ExtensibilityGlobals) = postSolution
		SolutionGuid = {86950726-4AA4-49E0-B06D-5350444B7095}
	EndGlobalSection
EndGlobal
